
Microsoft Visual Studio Solution File, Format Version 12.00
# Visual Studio Version 16
VisualStudioVersion = 16.0.31025.194
MinimumVisualStudioVersion = 10.0.40219.1
Project("{FAE04EC0-301F-11D3-BF4B-00C04F79EFBC}") = "Calculator", "Calculator\Calculator.csproj", "{1A7C2686-8236-459A-989B-3EBFAD75F33A}"
EndProject
Global
	GlobalSection(SolutionConfigurationPlatforms) = preSolution
		Debug|Any CPU = Debug|Any CPU
		Release|Any CPU = Release|Any CPU
	EndGlobalSection
	GlobalSection(ProjectConfigurationPlatforms) = postSolution
		{1A7C2686-8236-459A-989B-3EBFAD75F33A}.Debug|Any CPU.ActiveCfg = Debug|Any CPU
		{1A7C2686-8236-459A-989B-3EBFAD75F33A}.Debug|Any CPU.Build.0 = Debug|Any CPU
		{1A7C2686-8236-459A-989B-3EBFAD75F33A}.Release|Any CPU.ActiveCfg = Release|Any CPU
		{1A7C2686-8236-459A-989B-3EBFAD75F33A}.Release|Any CPU.Build.0 = Release|Any CPU
	EndGlobalSection
	GlobalSection(SolutionProperties) = preSolution
		HideSolutionNode = FALSE
	EndGlobalSection
	GlobalSection(ExtensibilityGlobals) = postSolution
		SolutionGuid = {672B5957-D14F-44D4-B405-A601D939D1C3}
	EndGlobalSection
EndGlobal
